# @generated - this file is auto-generated by `mise lock` https://mise.en.dev/dev-tools/mise-lock.html

[[tools."aqua:BurntSushi/ripgrep"]]
version = "15.2.0"
backend = "aqua:BurntSushi/ripgrep"

[tools."aqua:BurntSushi/ripgrep"."platforms.linux-arm64"]
checksum = "sha256:a740b91c82eaf9914cfedd353572f2791cbe0162c84101ee0951058f4dcbc90d"
url = "https://github.com/BurntSushi/ripgrep/releases/download/15.2.0/ripgrep-15.2.0-aarch64-unknown-linux-gnu.tar.gz"

[tools."aqua:BurntSushi/ripgrep"."platforms.linux-x64"]
checksum = "sha256:33e15bcf1624b25cdd2a55813a47a2f95dbe126268203e76aa6a585d1e7b149c"
url = "https://github.com/BurntSushi/ripgrep/releases/download/15.2.0/ripgrep-15.2.0-x86_64-unknown-linux-musl.tar.gz"

[tools."aqua:BurntSushi/ripgrep"."platforms.macos-arm64"]
checksum = "sha256:3750b2e93f37e0c692657da574d7019a101c0084da05a790c83fd335bad973e4"
url = "https://github.com/BurntSushi/ripgrep/releases/download/15.2.0/ripgrep-15.2.0-aarch64-apple-darwin.tar.gz"

[[tools."aqua:ajeetdsouza/zoxide"]]
version = "0.10.0"
backend = "aqua:ajeetdsouza/zoxide"

[tools."aqua:ajeetdsouza/zoxide"."platforms.linux-arm64"]
checksum = "sha256:f1f16c5d6298d63dee467eedea1cdcd8490e43e493bea43acd416dc9033ef641"
url = "https://github.com/ajeetdsouza/zoxide/releases/download/v0.10.0/zoxide-0.10.0-aarch64-unknown-linux-musl.tar.gz"

[tools."aqua:ajeetdsouza/zoxide"."platforms.linux-x64"]
checksum = "sha256:2d93385b99f3e82cf2701609a1bffcad863fbeb75aa3fe7eb6be4d29be68b1ae"
url = "https://github.com/ajeetdsouza/zoxide/releases/download/v0.10.0/zoxide-0.10.0-x86_64-unknown-linux-musl.tar.gz"

[tools."aqua:ajeetdsouza/zoxide"."platforms.macos-arm64"]
checksum = "sha256:b55ae6f2f5f23d0a6ccb3bd4eeb2af9c7e0a6556e5255c82100e40305129bbb0"
url = "https://github.com/ajeetdsouza/zoxide/releases/download/v0.10.0/zoxide-0.10.0-aarch64-apple-darwin.tar.gz"

[[tools."aqua:ast-grep/ast-grep"]]
version = "0.45.3"
backend = "aqua:ast-grep/ast-grep"

[tools."aqua:ast-grep/ast-grep"."platforms.linux-arm64"]
checksum = "sha256:b39cfbc58da4b869a88b8a4bc57bd5deb0d24541e704cf7c257da7b53ec81c8f"
url = "https://github.com/ast-grep/ast-grep/releases/download/0.45.3/app-aarch64-unknown-linux-gnu.zip"

[tools."aqua:ast-grep/ast-grep"."platforms.linux-x64"]
checksum = "sha256:f8ac830881339d1edee6b2652f54798c0f4da5a827f2db38a08ee31117783ce8"
url = "https://github.com/ast-grep/ast-grep/releases/download/0.45.3/app-x86_64-unknown-linux-gnu.zip"

[tools."aqua:ast-grep/ast-grep"."platforms.macos-arm64"]
checksum = "sha256:6d2279dea5bea2ad79c66ea93f5fe54ba926e398a8a26de76c56db68fe59eac6"
url = "https://github.com/ast-grep/ast-grep/releases/download/0.45.3/app-aarch64-apple-darwin.zip"

[[tools."aqua:atuinsh/atuin"]]
version = "18.23.0"
backend = "aqua:atuinsh/atuin"

[tools."aqua:atuinsh/atuin"."platforms.linux-arm64"]
checksum = "sha256:faf91adc71e6b661b21ed4f486babbd7af9d17363d4276da4a0251f83c72498d"
url = "https://github.com/atuinsh/atuin/releases/download/v18.23.0/atuin-aarch64-unknown-linux-musl.tar.gz"
provenance = "github-attestations"

[tools."aqua:atuinsh/atuin"."platforms.linux-x64"]
checksum = "sha256:d1b40dd6e7cd3d823867ffe22b39a025bc420f7875926ae9ca974155378da14d"
url = "https://github.com/atuinsh/atuin/releases/download/v18.23.0/atuin-x86_64-unknown-linux-musl.tar.gz"
provenance = "github-attestations"

[tools."aqua:atuinsh/atuin"."platforms.macos-arm64"]
checksum = "sha256:c988be1cde19cd7295ce64bc8b955d42fb1855e5227cb640c87fc09c8408c3fc"
url = "https://github.com/atuinsh/atuin/releases/download/v18.23.0/atuin-aarch64-apple-darwin.tar.gz"
provenance = "github-attestations"

[[tools."aqua:bensadeh/tailspin"]]
version = "7.0.0"
backend = "aqua:bensadeh/tailspin"

[tools."aqua:bensadeh/tailspin"."platforms.linux-arm64"]
checksum = "sha256:de78d9e9204af6817cc3dae342e92d41c41975c2bb11ae1abeabf30c43bc86ad"
url = "https://github.com/bensadeh/tailspin/releases/download/7.0.0/tailspin-aarch64-unknown-linux-musl.tar.gz"

[tools."aqua:bensadeh/tailspin"."platforms.linux-x64"]
checksum = "sha256:f2de9268dc24811908e63a170507d860ac90c7f6a2f1937f59e5cca78cef21a2"
url = "https://github.com/bensadeh/tailspin/releases/download/7.0.0/tailspin-x86_64-unknown-linux-musl.tar.gz"

[tools."aqua:bensadeh/tailspin"."platforms.macos-arm64"]
checksum = "sha256:8a815e7c2449c8ba3d25a475cdd92d9d9127b991d7b46e73623d2992e4bb9ce4"
url = "https://github.com/bensadeh/tailspin/releases/download/7.0.0/tailspin-aarch64-apple-darwin.tar.gz"

[[tools."aqua:chmln/sd"]]
version = "1.1.0"
backend = "aqua:chmln/sd"

[tools."aqua:chmln/sd"."platforms.linux-arm64"]
checksum = "sha256:ec8c93c0533ff21f4851d11566808d4082544baf063d9b96ea77c27e98b7cd99"
url = "https://github.com/chmln/sd/releases/download/v1.1.0/sd-v1.1.0-aarch64-unknown-linux-musl.tar.gz"

[tools."aqua:chmln/sd"."platforms.linux-x64"]
checksum = "sha256:02f00f4777d43e8e95b7b8d49e1a0d6e502fed4b8e79c1c8b8063857a30caa2e"
url = "https://github.com/chmln/sd/releases/download/v1.1.0/sd-v1.1.0-x86_64-unknown-linux-musl.tar.gz"

[tools."aqua:chmln/sd"."platforms.macos-arm64"]
checksum = "sha256:4bd3c09226376ca0a1d69589c91e86276fae36c5fbaaee669afce583f6682030"
url = "https://github.com/chmln/sd/releases/download/v1.1.0/sd-v1.1.0-aarch64-apple-darwin.tar.gz"

[[tools."aqua:crate-ci/typos"]]
version = "1.51.1"
backend = "aqua:crate-ci/typos"

[tools."aqua:crate-ci/typos"."platforms.linux-arm64"]
checksum = "sha256:2ac5e37b3236b3c07dec5cdf1527acf143aec4674a6089b0bf424d021b35e099"
url = "https://github.com/crate-ci/typos/releases/download/v1.51.1/typos-v1.51.1-aarch64-unknown-linux-musl.tar.gz"

[tools."aqua:crate-ci/typos"."platforms.linux-x64"]
checksum = "sha256:93c301fd4120ff076e2cc2a6d6a61cab4a4bdb81899287c0938b452e56d1f454"
url = "https://github.com/crate-ci/typos/releases/download/v1.51.1/typos-v1.51.1-x86_64-unknown-linux-musl.tar.gz"

[tools."aqua:crate-ci/typos"."platforms.macos-arm64"]
checksum = "sha256:316d50a32c3726a80ab39c6d12141b70080498973c5e8a9b068b12cde78b10c1"
url = "https://github.com/crate-ci/typos/releases/download/v1.51.1/typos-v1.51.1-aarch64-apple-darwin.tar.gz"

[[tools."aqua:dandavison/delta"]]
version = "0.20.1"
backend = "aqua:dandavison/delta"

[tools."aqua:dandavison/delta"."platforms.linux-arm64"]
checksum = "sha256:da7f4338f593572ff426ae153e0870e2fdc72729416eff551b40cdeb67940db8"
url = "https://github.com/dandavison/delta/releases/download/0.20.1/delta-0.20.1-aarch64-unknown-linux-gnu.tar.gz"

[tools."aqua:dandavison/delta"."platforms.linux-x64"]
checksum = "sha256:69dcb4043f55c29118f408c6efd30115e0a4e0a6709253343b8c8fa814ab4a31"
url = "https://github.com/dandavison/delta/releases/download/0.20.1/delta-0.20.1-x86_64-unknown-linux-musl.tar.gz"

[tools."aqua:dandavison/delta"."platforms.macos-arm64"]
checksum = "sha256:bc1839cea69288d4673a24faffbb825d408ca907e0f7d33b1678c9e6cdd5e58e"
url = "https://github.com/dandavison/delta/releases/download/0.20.1/delta-0.20.1-aarch64-apple-darwin.tar.gz"

[[tools."aqua:ducaale/xh"]]
version = "0.26.2"
backend = "aqua:ducaale/xh"

[tools."aqua:ducaale/xh"."platforms.linux-arm64"]
checksum = "sha256:3a44900a8ac53f614aa0cd1d2e54ecf4e93584384c1ad091aa18d7992686d7eb"
url = "https://github.com/ducaale/xh/releases/download/v0.26.2/xh-v0.26.2-aarch64-unknown-linux-musl.tar.gz"

[tools."aqua:ducaale/xh"."platforms.linux-x64"]
checksum = "sha256:8c53b6a23435754f9e2ea8ab8c0d0296a1921404b88132cf9b364ff6e8c22a6e"
url = "https://github.com/ducaale/xh/releases/download/v0.26.2/xh-v0.26.2-x86_64-unknown-linux-musl.tar.gz"

[tools."aqua:ducaale/xh"."platforms.macos-arm64"]
checksum = "sha256:cc5739d061a8469d0011ca0ab92d4a5cd726cc56f0ef30108953b119f54d0719"
url = "https://github.com/ducaale/xh/releases/download/v0.26.2/xh-v0.26.2-aarch64-apple-darwin.tar.gz"

[[tools."aqua:jdx/usage"]]
version = "6.12.1"
backend = "aqua:jdx/usage"

[tools."aqua:jdx/usage"."platforms.linux-arm64"]
checksum = "sha256:da046ed28c02a18f48c46f00d3ae7b4448a8398eed664c92ae93f38d812c446f"
url = "https://github.com/jdx/usage/releases/download/v6.12.1/usage-aarch64-unknown-linux-musl.tar.gz"

[tools."aqua:jdx/usage"."platforms.linux-x64"]
checksum = "sha256:10be12209c9ed33781cb93ab17685a8966fa7ab049bf5c7d34b7d231de5aec33"
url = "https://github.com/jdx/usage/releases/download/v6.12.1/usage-x86_64-unknown-linux-musl.tar.gz"

[tools."aqua:jdx/usage"."platforms.macos-arm64"]
checksum = "sha256:1f01fb6abe27e5e510778568ae8604720d42986bbeee9ac8cda52c659b84914f"
url = "https://github.com/jdx/usage/releases/download/v6.12.1/usage-universal-apple-darwin.tar.gz"

[[tools."aqua:orhun/git-cliff"]]
version = "2.14.2"
backend = "aqua:orhun/git-cliff"

[tools."aqua:orhun/git-cliff"."platforms.linux-arm64"]
checksum = "sha256:4be21b21ec9699af4d330b224aeba8a41d41d8f5b351ca2da8a9ea2bdc36380f"
url = "https://github.com/orhun/git-cliff/releases/download/v2.14.2/git-cliff-2.14.2-aarch64-unknown-linux-musl.tar.gz"

[tools."aqua:orhun/git-cliff"."platforms.linux-x64"]
checksum = "sha256:fa21e2fc70046fcfd0e43e5e4613873ab799aff3d9dc8559c00d31b270e417d0"
url = "https://github.com/orhun/git-cliff/releases/download/v2.14.2/git-cliff-2.14.2-x86_64-unknown-linux-musl.tar.gz"

[tools."aqua:orhun/git-cliff"."platforms.macos-arm64"]
checksum = "sha256:a0be97e237d440d34c5e508ec21d070b2c85cbb8be48a46a56f9a4e8bd247f05"
url = "https://github.com/orhun/git-cliff/releases/download/v2.14.2/git-cliff-2.14.2-aarch64-apple-darwin.tar.gz"

[[tools."aqua:sharkdp/bat"]]
version = "0.26.1"
backend = "aqua:sharkdp/bat"

[tools."aqua:sharkdp/bat"."platforms.linux-arm64"]
checksum = "sha256:6369242c584065f195fb20cb36fbd7cb63ae690605bbe89868a7596b596c2c23"
url = "https://github.com/sharkdp/bat/releases/download/v0.26.1/bat-v0.26.1-aarch64-unknown-linux-musl.tar.gz"

[tools."aqua:sharkdp/bat"."platforms.linux-x64"]
checksum = "sha256:0dcd8ac79732c0d5b136f11f4ee00e581440e16a44eab5b3105b611bbf2cf191"
url = "https://github.com/sharkdp/bat/releases/download/v0.26.1/bat-v0.26.1-x86_64-unknown-linux-musl.tar.gz"

[tools."aqua:sharkdp/bat"."platforms.macos-arm64"]
checksum = "sha256:e30beff26779c9bf60bb541e1d79046250cb74378f2757f8eb250afddb19e114"
url = "https://github.com/sharkdp/bat/releases/download/v0.26.1/bat-v0.26.1-aarch64-apple-darwin.tar.gz"

[[tools."aqua:sharkdp/fd"]]
version = "10.5.0"
backend = "aqua:sharkdp/fd"

[tools."aqua:sharkdp/fd"."platforms.linux-arm64"]
checksum = "sha256:d76c4317f7d5dba69f8a2a15856c90c777e7f0dd4e85f0de8c76de6992c374d4"
url = "https://github.com/sharkdp/fd/releases/download/v10.5.0/fd-v10.5.0-aarch64-unknown-linux-musl.tar.gz"

[tools."aqua:sharkdp/fd"."platforms.linux-x64"]
checksum = "sha256:761c72dc8e120d85b22292063be8a796e2eeb20eb3e4f38b8fa2343ccf3514a7"
url = "https://github.com/sharkdp/fd/releases/download/v10.5.0/fd-v10.5.0-x86_64-unknown-linux-musl.tar.gz"

[tools."aqua:sharkdp/fd"."platforms.macos-arm64"]
checksum = "sha256:b67e1836c468e42e411984b56e52fa7abec08c2bd22c867398e7cc134aac5e12"
url = "https://github.com/sharkdp/fd/releases/download/v10.5.0/fd-v10.5.0-aarch64-apple-darwin.tar.gz"

[[tools."aqua:sharkdp/hexyl"]]
version = "0.17.0"
backend = "aqua:sharkdp/hexyl"

[tools."aqua:sharkdp/hexyl"."platforms.linux-arm64"]
checksum = "sha256:70b97648935f98801fd3c3e4758ff4e92afcf7e75316ff65d4e4f5d2e321b658"
url = "https://github.com/sharkdp/hexyl/releases/download/v0.17.0/hexyl-v0.17.0-aarch64-unknown-linux-gnu.tar.gz"

[tools."aqua:sharkdp/hexyl"."platforms.linux-x64"]
checksum = "sha256:82b374b800cc965f4116b9d5d6a50394945170d4f65b9ef6ced3b82b014de8a6"
url = "https://github.com/sharkdp/hexyl/releases/download/v0.17.0/hexyl-v0.17.0-x86_64-unknown-linux-musl.tar.gz"

[tools."aqua:sharkdp/hexyl"."platforms.macos-arm64"]
checksum = "sha256:d8c50f5ec688faf566ea4c13d6aa12a5681dc370dab3ffba0a9db935a5986630"
url = "https://github.com/sharkdp/hexyl/releases/download/v0.17.0/hexyl-v0.17.0-aarch64-apple-darwin.tar.gz"

[[tools."aqua:watchexec/watchexec"]]
version = "2.8.0"
backend = "aqua:watchexec/watchexec"

[tools."aqua:watchexec/watchexec"."platforms.linux-arm64"]
checksum = "sha256:3961878b21e3c1729279322f4007dd5bbf0032110fbcb5e7b983946a9ceb3bf6"
url = "https://github.com/watchexec/watchexec/releases/download/v2.8.0/watchexec-2.8.0-aarch64-unknown-linux-musl.tar.xz"

[tools."aqua:watchexec/watchexec"."platforms.linux-x64"]
checksum = "sha256:35ea667cbe4bc96c23ba2a1f46c94c46bc385b67165e3bf621c0e7e4959aa99b"
url = "https://github.com/watchexec/watchexec/releases/download/v2.8.0/watchexec-2.8.0-x86_64-unknown-linux-musl.tar.xz"

[tools."aqua:watchexec/watchexec"."platforms.macos-arm64"]
checksum = "sha256:8da8bdbfb8568138616a082c05a87224e08d5cb2994feb956426291cf0c6fe10"
url = "https://github.com/watchexec/watchexec/releases/download/v2.8.0/watchexec-2.8.0-aarch64-apple-darwin.tar.xz"

[[tools."github:JohnnyMorganz/StyLua"]]
version = "2.5.2"
backend = "github:JohnnyMorganz/StyLua"

[tools."github:JohnnyMorganz/StyLua"."platforms.linux-arm64"]
checksum = "sha256:0ef2ebf0b7e5a652b65c4cb96c6d9ffb3981a98547de3c764465bbf54a8d761a"
url = "https://github.com/JohnnyMorganz/StyLua/releases/download/v2.5.2/stylua-linux-aarch64.zip"
url_api = "https://api.github.com/repos/JohnnyMorganz/StyLua/releases/assets/421900973"
provenance = "github-attestations"

[tools."github:JohnnyMorganz/StyLua"."platforms.linux-x64"]
checksum = "sha256:bcb0d855e91f102f28a370e850f8566b3b44b79e6274d806ea5246837c0fd5ab"
url = "https://github.com/JohnnyMorganz/StyLua/releases/download/v2.5.2/stylua-linux-x86_64.zip"
url_api = "https://api.github.com/repos/JohnnyMorganz/StyLua/releases/assets/421901018"
provenance = "github-attestations"

[tools."github:JohnnyMorganz/StyLua"."platforms.macos-arm64"]
checksum = "sha256:92ff0889e16324801bc072692974bb67f8161e62010fc90f96c62a17f81f32c7"
url = "https://github.com/JohnnyMorganz/StyLua/releases/download/v2.5.2/stylua-macos-aarch64.zip"
url_api = "https://api.github.com/repos/JohnnyMorganz/StyLua/releases/assets/421901102"
provenance = "github-attestations"

[[tools."github:Wilfred/difftastic"]]
version = "0.71.0"
backend = "github:Wilfred/difftastic"

[tools."github:Wilfred/difftastic"."platforms.linux-arm64"]
checksum = "sha256:5f046098b36ff985d0f99fec6f22cf74961db60386ff9d40df39fd99660aae2c"
url = "https://github.com/Wilfred/difftastic/releases/download/0.71.0/difft-0.71.0-aarch64-unknown-linux-gnu.tar.gz"
url_api = "https://api.github.com/repos/Wilfred/difftastic/releases/assets/573540796"

[tools."github:Wilfred/difftastic"."platforms.linux-x64"]
checksum = "sha256:61aea5394a53c56f144637cf39b3a0c0dafa27769731745e5851ff276e6478da"
url = "https://github.com/Wilfred/difftastic/releases/download/0.71.0/difft-0.71.0-x86_64-unknown-linux-gnu.tar.gz"
url_api = "https://api.github.com/repos/Wilfred/difftastic/releases/assets/573539079"

[tools."github:Wilfred/difftastic"."platforms.macos-arm64"]
checksum = "sha256:92acf8890543b6d6f436a87a7a5ec64f82a4b8dbe3a7e564c1e5cbfe60823bc7"
url = "https://github.com/Wilfred/difftastic/releases/download/0.71.0/difft-0.71.0-aarch64-apple-darwin.tar.gz"
url_api = "https://api.github.com/repos/Wilfred/difftastic/releases/assets/573540714"

[[tools."github:astral-sh/ruff"]]
version = "0.16.10"
backend = "github:astral-sh/ruff"

[tools."github:astral-sh/ruff"."platforms.linux-arm64"]
checksum = "sha256:dc0d74de837ef0a7bcc62ce98c48a622b075d057161f13b958be2934becd55a6"
url = "https://github.com/astral-sh/ruff/releases/download/0.16.10/ruff-aarch64-unknown-linux-gnu.tar.gz"
url_api = "https://api.github.com/repos/astral-sh/ruff/releases/assets/603826868"
provenance = "github-attestations"

[tools."github:astral-sh/ruff"."platforms.linux-x64"]
checksum = "sha256:9567ff1201e2fb3da31ff04c35587d768c66d6cb42dfa84de474e2bfe360b608"
url = "https://github.com/astral-sh/ruff/releases/download/0.16.10/ruff-x86_64-unknown-linux-gnu.tar.gz"
url_api = "https://api.github.com/repos/astral-sh/ruff/releases/assets/603827060"
provenance = "github-attestations"

[tools."github:astral-sh/ruff"."platforms.macos-arm64"]
checksum = "sha256:f051cd306de2691262a0574f8857cd1f4d6bfcd448084ea23d61b9c1c37df510"
url = "https://github.com/astral-sh/ruff/releases/download/0.16.10/ruff-aarch64-apple-darwin.tar.gz"
url_api = "https://api.github.com/repos/astral-sh/ruff/releases/assets/603826852"
provenance = "github-attestations"

[[tools."github:astral-sh/ty"]]
version = "0.0.85"
backend = "github:astral-sh/ty"

[tools."github:astral-sh/ty"."platforms.linux-arm64"]
checksum = "sha256:27f29a87cd89de12c09b953d320a449983be630ce3d31691848604a86915d5ab"
url = "https://github.com/astral-sh/ty/releases/download/0.0.85/ty-aarch64-unknown-linux-gnu.tar.gz"
url_api = "https://api.github.com/repos/astral-sh/ty/releases/assets/616784631"
provenance = "github-attestations"

[tools."github:astral-sh/ty"."platforms.linux-x64"]
checksum = "sha256:0c3564f13296c42f96e576a06276f7f0b67cbdf030888ff99c697259946162f0"
url = "https://github.com/astral-sh/ty/releases/download/0.0.85/ty-x86_64-unknown-linux-gnu.tar.gz"
url_api = "https://api.github.com/repos/astral-sh/ty/releases/assets/616784806"
provenance = "github-attestations"

[tools."github:astral-sh/ty"."platforms.macos-arm64"]
checksum = "sha256:81c1c7c450cf01ce5dff83f8e62f3f2d0fd1e67462dc77c2bed84fddb31b3c8c"
url = "https://github.com/astral-sh/ty/releases/download/0.0.85/ty-aarch64-apple-darwin.tar.gz"
url_api = "https://api.github.com/repos/astral-sh/ty/releases/assets/616784588"
provenance = "github-attestations"

[[tools."github:astral-sh/uv"]]
version = "0.12.23"
backend = "github:astral-sh/uv"

[tools."github:astral-sh/uv"."platforms.linux-arm64"]
checksum = "sha256:6524bd338177ed50d035d39354e12545e993bbeba2ecbddf0480c5b3a81d313f"
url = "https://github.com/astral-sh/uv/releases/download/0.12.23/uv-aarch64-unknown-linux-gnu.tar.gz"
url_api = "https://api.github.com/repos/astral-sh/uv/releases/assets/608232491"
provenance = "github-attestations"

[tools."github:astral-sh/uv"."platforms.linux-x64"]
checksum = "sha256:9167d72b3319674b6303c4cbe071854bba13ebdf3d76b1a7cbdc175471fb66d6"
url = "https://github.com/astral-sh/uv/releases/download/0.12.23/uv-x86_64-unknown-linux-gnu.tar.gz"
url_api = "https://api.github.com/repos/astral-sh/uv/releases/assets/608232628"
provenance = "github-attestations"

[tools."github:astral-sh/uv"."platforms.macos-arm64"]
checksum = "sha256:50487ae565ccd96e499056b4674d438f4c53170202617b4c759defe0c6a1b544"
url = "https://github.com/astral-sh/uv/releases/download/0.12.23/uv-aarch64-apple-darwin.tar.gz"
url_api = "https://api.github.com/repos/astral-sh/uv/releases/assets/608232483"
provenance = "github-attestations"

[[tools."github:bootandy/dust"]]
version = "1.2.6"
backend = "github:bootandy/dust"

[tools."github:bootandy/dust"."platforms.linux-arm64"]
checksum = "sha256:ec6a63bc275a33000443d444fd5424e56745aa995bc88e1080cd951e5e9e5cbf"
url = "https://github.com/bootandy/dust/releases/download/v1.2.6/dust-v1.2.6-aarch64-unknown-linux-gnu.tar.gz"
url_api = "https://api.github.com/repos/bootandy/dust/releases/assets/568852461"

[tools."github:bootandy/dust"."platforms.linux-x64"]
checksum = "sha256:14f788707aad217667f6812cf1a9639bf5c861a2ee815d486cffc36051f5e759"
url = "https://github.com/bootandy/dust/releases/download/v1.2.6/dust-v1.2.6-x86_64-unknown-linux-gnu.tar.gz"
url_api = "https://api.github.com/repos/bootandy/dust/releases/assets/568852367"

[tools."github:bootandy/dust"."platforms.macos-arm64"]
checksum = "sha256:5c37ee0d353165c73aedd6b21b9133182221efe08f9a5e76c082d9d6d5a0935d"
url = "https://github.com/bootandy/dust/releases/download/v1.2.6/dust-v1.2.6-aarch64-apple-darwin.tar.gz"
url_api = "https://api.github.com/repos/bootandy/dust/releases/assets/568852617"

[[tools."github:dalance/procs"]]
version = "0.14.12"
backend = "github:dalance/procs"

[tools."github:dalance/procs"."platforms.linux-arm64"]
checksum = "sha256:74b4f82acc6fe553cbd5af20ba0baac420b42bef9bb0cbb38fef14b8317d9f91"
url = "https://github.com/dalance/procs/releases/download/v0.14.12/procs-v0.14.12-aarch64-linux.zip"
url_api = "https://api.github.com/repos/dalance/procs/releases/assets/457524789"

[tools."github:dalance/procs"."platforms.linux-x64"]
checksum = "sha256:81964faf9d5cd0e9f399d5d0954fb6fe4d4d9f7d3cbec4507633df5a45b11713"
url = "https://github.com/dalance/procs/releases/download/v0.14.12/procs-v0.14.12-x86_64-linux.zip"
url_api = "https://api.github.com/repos/dalance/procs/releases/assets/457525859"

[tools."github:dalance/procs"."platforms.macos-arm64"]
checksum = "sha256:20c7a33426ed7a43c3e13a48f2d1866ecc979a8ad46733f86ddc78ab7f12d49c"
url = "https://github.com/dalance/procs/releases/download/v0.14.12/procs-v0.14.12-aarch64-mac.zip"
url_api = "https://api.github.com/repos/dalance/procs/releases/assets/457525352"

[[tools."github:hatoo/oha"]]
version = "1.16.0"
backend = "github:hatoo/oha"

[tools."github:hatoo/oha"."platforms.linux-arm64"]
checksum = "sha256:99a790eb8c3e0feaca974bd6b32f0f8d4426a0c5b289f39e833e5b2c7529cd39"
url = "https://github.com/hatoo/oha/releases/download/v1.16.0/oha-linux-arm64"
url_api = "https://api.github.com/repos/hatoo/oha/releases/assets/526038260"

[tools."github:hatoo/oha"."platforms.linux-x64"]
checksum = "sha256:620bb9e16fb53eabc9a3fc45f88bdb41fefa3fee5c05e75892011ce320391716"
url = "https://github.com/hatoo/oha/releases/download/v1.16.0/oha-linux-amd64"
url_api = "https://api.github.com/repos/hatoo/oha/releases/assets/526038303"

[tools."github:hatoo/oha"."platforms.macos-arm64"]
checksum = "sha256:7dea53ecb8342a7a067e1976fd0aef44ac33d9cc6b1e65c53637ffb932da63c4"
url = "https://github.com/hatoo/oha/releases/download/v1.16.0/oha-macos-arm64"
url_api = "https://api.github.com/repos/hatoo/oha/releases/assets/526037163"

[[tools."github:ouch-org/ouch"]]
version = "0.8.3"
backend = "github:ouch-org/ouch"

[tools."github:ouch-org/ouch"."platforms.linux-arm64"]
checksum = "sha256:d3f856069f264a9f43128cd90491666a3344f1743f68a3f56ac8735072697a6f"
url = "https://github.com/ouch-org/ouch/releases/download/0.8.3/ouch-aarch64-unknown-linux-gnu.tar.gz"
url_api = "https://api.github.com/repos/ouch-org/ouch/releases/assets/561447587"

[tools."github:ouch-org/ouch"."platforms.linux-x64"]
checksum = "sha256:f0664cbb3bf8c5c781637da2c8bb86b4561a8709f7e10ddb1188150e68e619a7"
url = "https://github.com/ouch-org/ouch/releases/download/0.8.3/ouch-x86_64-unknown-linux-gnu.tar.gz"
url_api = "https://api.github.com/repos/ouch-org/ouch/releases/assets/561447581"

[tools."github:ouch-org/ouch"."platforms.macos-arm64"]
checksum = "sha256:969c1bd9105b5033cc9cac0a37c011d23482948d681b43f97c6f79311f3263d0"
url = "https://github.com/ouch-org/ouch/releases/download/0.8.3/ouch-aarch64-apple-darwin.tar.gz"
url_api = "https://api.github.com/repos/ouch-org/ouch/releases/assets/561447606"

[[tools."github:pemistahl/grex"]]
version = "1.4.6"
backend = "github:pemistahl/grex"

[tools."github:pemistahl/grex"."platforms.linux-arm64"]
checksum = "sha256:65ac2010ffc4a02690b091819f2971c0b26081b2ce7cb717a0de3f10409010b9"
url = "https://github.com/pemistahl/grex/releases/download/v1.4.6/grex-v1.4.6-aarch64-unknown-linux-musl.tar.gz"
url_api = "https://api.github.com/repos/pemistahl/grex/releases/assets/316379875"

[tools."github:pemistahl/grex"."platforms.linux-x64"]
checksum = "sha256:8f02f4ebe72d9e3098c646b77f7bc53ec8a8c1fb51ed042db06b739d08e56af8"
url = "https://github.com/pemistahl/grex/releases/download/v1.4.6/grex-v1.4.6-x86_64-unknown-linux-musl.tar.gz"
url_api = "https://api.github.com/repos/pemistahl/grex/releases/assets/316379863"

[tools."github:pemistahl/grex"."platforms.macos-arm64"]
checksum = "sha256:5a249c9c7866835f8b0be95475fc49189da412c09f95266ffa8401b85c094078"
url = "https://github.com/pemistahl/grex/releases/download/v1.4.6/grex-v1.4.6-aarch64-apple-darwin.tar.gz"
url_api = "https://api.github.com/repos/pemistahl/grex/releases/assets/316379508"

[[tools."github:sharkdp/hyperfine"]]
version = "2.0.0"
backend = "github:sharkdp/hyperfine"

[tools."github:sharkdp/hyperfine"."platforms.linux-arm64"]
checksum = "sha256:f8244d1e17f8da23ee6b3ae2cdc04a6a185a450f6b74e09bff12e498038fcbc9"
url = "https://github.com/sharkdp/hyperfine/releases/download/v2.0.0/hyperfine-v2.0.0-aarch64-unknown-linux-gnu.tar.gz"
url_api = "https://api.github.com/repos/sharkdp/hyperfine/releases/assets/619832203"

[tools."github:sharkdp/hyperfine"."platforms.linux-x64"]
checksum = "sha256:ae2beda2ac99c098427e4f755244552daf20e514422889cca6d44421e2d93c87"
url = "https://github.com/sharkdp/hyperfine/releases/download/v2.0.0/hyperfine-v2.0.0-x86_64-unknown-linux-gnu.tar.gz"
url_api = "https://api.github.com/repos/sharkdp/hyperfine/releases/assets/619831673"

[tools."github:sharkdp/hyperfine"."platforms.macos-arm64"]
checksum = "sha256:590b839cfea386b384ce0b42d16daf2910277cf30950656194bb3a5f20dea81e"
url = "https://github.com/sharkdp/hyperfine/releases/download/v2.0.0/hyperfine-v2.0.0-aarch64-apple-darwin.tar.gz"
url_api = "https://api.github.com/repos/sharkdp/hyperfine/releases/assets/619831330"

[[tools."github:starship/starship"]]
version = "1.26.0"
backend = "github:starship/starship"

[tools."github:starship/starship"."platforms.linux-arm64"]
checksum = "sha256:dc30189378d2f2e287384e8a692d3f95ad1df64cf0e8c36aa9201516028aed6b"
url = "https://github.com/starship/starship/releases/download/v1.26.0/starship-aarch64-unknown-linux-musl.tar.gz"
url_api = "https://api.github.com/repos/starship/starship/releases/assets/460374586"

[tools."github:starship/starship"."platforms.linux-x64"]
checksum = "sha256:321f0dd7af8340a5f2e6a8fec6538a04f617486f9ec70d878f91c09cd8deef22"
url = "https://github.com/starship/starship/releases/download/v1.26.0/starship-x86_64-unknown-linux-gnu.tar.gz"
url_api = "https://api.github.com/repos/starship/starship/releases/assets/460374620"

[tools."github:starship/starship"."platforms.macos-arm64"]
checksum = "sha256:c40b27b11f580411e068f2fa6c1be7830a387c0bc47a94d1d37f32b054c5361d"
url = "https://github.com/starship/starship/releases/download/v1.26.0/starship-aarch64-apple-darwin.tar.gz"
url_api = "https://api.github.com/repos/starship/starship/releases/assets/460374577"

[[tools."github:sxyazi/yazi"]]
version = "26.9.1"
backend = "github:sxyazi/yazi"

[tools."github:sxyazi/yazi"."platforms.linux-arm64"]
checksum = "sha256:02807f08d6b589b65b7516a4e259d83f5995d7a23bb12b3a155141385b370b3a"
url = "https://github.com/sxyazi/yazi/releases/download/v26.9.1/yazi-aarch64-unknown-linux-gnu.zip"
url_api = "https://api.github.com/repos/sxyazi/yazi/releases/assets/539261402"

[tools."github:sxyazi/yazi"."platforms.linux-x64"]
checksum = "sha256:a02fe91d3304294048c681f010f1100856872a4e98ecf6927328e888d40a6ad2"
url = "https://github.com/sxyazi/yazi/releases/download/v26.9.1/yazi-x86_64-unknown-linux-gnu.zip"
url_api = "https://api.github.com/repos/sxyazi/yazi/releases/assets/539261400"

[tools."github:sxyazi/yazi"."platforms.macos-arm64"]
checksum = "sha256:3921182a21cceb0a505e5dac578e1487d48104caa5f114e9f8adf40b5a7289a9"
url = "https://github.com/sxyazi/yazi/releases/download/v26.9.1/yazi-aarch64-apple-darwin.zip"
url_api = "https://api.github.com/repos/sxyazi/yazi/releases/assets/539261410"
